Microsoft Visual Studio Solution File, Format Version 12.00
# Visual Studio 2012
Project("{FAE04EC0-301F-11D3-BF4B-00C04F79EFBC}") = "New Game Project", "New Game Project.csproj", "{B15F81D3-2460-408B-A62A-EB896F795C89}"
EndProject
Global
	GlobalSection(SolutionConfigurationPlatforms) = preSolution
	Debug|Any CPU = Debug|Any CPU
	ExportDebug|Any CPU = ExportDebug|Any CPU
	ExportRelease|Any CPU = ExportRelease|Any CPU
	EndGlobalSection
	GlobalSection(ProjectConfigurationPlatforms) = postSolution
		{B15F81D3-2460-408B-A62A-EB896F795C89}.Debug|Any CPU.ActiveCfg = Debug|Any CPU
		{B15F81D3-2460-408B-A62A-EB896F795C89}.Debug|Any CPU.Build.0 = Debug|Any CPU
		{B15F81D3-2460-408B-A62A-EB896F795C89}.ExportDebug|Any CPU.ActiveCfg = ExportDebug|Any CPU
		{B15F81D3-2460-408B-A62A-EB896F795C89}.ExportDebug|Any CPU.Build.0 = ExportDebug|Any CPU
		{B15F81D3-2460-408B-A62A-EB896F795C89}.ExportRelease|Any CPU.ActiveCfg = ExportRelease|Any CPU
		{B15F81D3-2460-408B-A62A-EB896F795C89}.ExportRelease|Any CPU.Build.0 = ExportRelease|Any CPU
	EndGlobalSection
EndGlobal
